
Microsoft Visual Studio Solution File, Format Version 12.00
# Visual Studio 15
VisualStudioVersion = 15.0.27703.2026
MinimumVisualStudioVersion = 10.0.40219.1
Project("{FAE04EC0-301F-11D3-BF4B-00C04F79EFBC}") = "Bichle", "Bichle\Bichle.csproj", "{CEA745AF-798F-46C5-9704-42DEC9C30EF7}"
EndProject
Global
	GlobalSection(SolutionConfigurationPlatforms) = preSolution
		Debug|Any CPU = Debug|Any CPU
		Release|Any CPU = Release|Any CPU
	EndGlobalSection
	GlobalSection(ProjectConfigurationPlatforms) = postSolution
		{CEA745AF-798F-46C5-9704-42DEC9C30EF7}.Debug|Any CPU.ActiveCfg = Debug|Any CPU
		{CEA745AF-798F-46C5-9704-42DEC9C30EF7}.Debug|Any CPU.Build.0 = Debug|Any CPU
		{CEA745AF-798F-46C5-9704-42DEC9C30EF7}.Release|Any CPU.ActiveCfg = Release|Any CPU
		{CEA745AF-798F-46C5-9704-42DEC9C30EF7}.Release|Any CPU.Build.0 = Release|Any CPU
	EndGlobalSection
	GlobalSection(SolutionProperties) = preSolution
		HideSolutionNode = FALSE
	EndGlobalSection
	GlobalSection(ExtensibilityGlobals) = postSolution
		SolutionGuid = {9A50FAD4-8BAF-4835-BB59-30A9559633A5}
	EndGlobalSection
EndGlobal
